{
  "name": "xmas-lights-v1",
  "version": "1.0.0",
  "lockfileVersion": 1,
  "requires": true,
  "dependencies": {
    "bindings": {
      "version": "1.5.0",
      "resolved": "https://registry.npmjs.org/bindings/-/bindings-1.5.0.tgz",
      "integrity": "sha512-p2q/t/mhvuOj/UeLlV6566GD/guowlr0hHxClI0W9m7MWYkL1F0hLo+0Aexs9HSPCtR1SXQ0TD3MMKrXZajbiQ==",
      "requires": {
        "file-uri-to-path": "1.0.0"
      }
    },
    "epoll": {
      "version": "4.0.0",
      "resolved": "https://registry.npmjs.org/epoll/-/epoll-4.0.0.tgz",
      "integrity": "sha512-dENZbykco5w/vsFHuhD/5zla9VHm3htP1ROoX9MCc6L/7LVqGPFfcGS/g+/+pQLUclKw4uR9HnaZmsZ6fi5n+Q==",
      "requires": {
        "bindings": "^1.5.0",
        "nan": "^2.14.1"
      }
    },
    "file-uri-to-path": {
      "version": "1.0.0",
      "resolved": "https://registry.npmjs.org/file-uri-to-path/-/file-uri-to-path-1.0.0.tgz",
      "integrity": "sha512-0Zt+s3L7Vf1biwWZ29aARiVYLx7iMGnEUl9x33fbB/j3jR81u/O2LbqK+Bm1CDSNDKVtJ/YjwY7TUd5SkeLQLw=="
    },
    "http": {
      "version": "0.0.1-security",
      "resolved": "https://registry.npmjs.org/http/-/http-0.0.1-security.tgz",
      "integrity": "sha512-RnDvP10Ty9FxqOtPZuxtebw1j4L/WiqNMDtuc1YMH1XQm5TgDRaR1G9u8upL6KD1bXHSp9eSXo/ED+8Q7FAr+g=="
    },
    "jfile": {
      "version": "1.1.12",
      "resolved": "https://registry.npmjs.org/jfile/-/jfile-1.1.12.tgz",
      "integrity": "sha1-lQlqi1W76KdF7yP6V3DIF9EmhK4="
    },
    "lodash.debounce": {
      "version": "4.0.8",
      "resolved": "https://registry.npmjs.org/lodash.debounce/-/lodash.debounce-4.0.8.tgz",
      "integrity": "sha1-gteb/zCmfEAF/9XiUVMArZyk168="
    },
    "nan": {
      "version": "2.14.2",
      "resolved": "https://registry.npmjs.org/nan/-/nan-2.14.2.tgz",
      "integrity": "sha512-M2ufzIiINKCuDfBSAUr1vWQ+vuVcA9kqx8JJUsbQi6yf1uGRyb7HfpdfUr5qLXf3B/t8dPvcjhKMmlfnP47EzQ=="
    },
    "node-etl": {
      "version": "1.0.3",
      "resolved": "https://registry.npmjs.org/node-etl/-/node-etl-1.0.3.tgz",
      "integrity": "sha1-txYQn3pGY/oA8+dysBMwmY3wxgU=",
      "requires": {
        "jfile": "^1.1.11",
        "x-class": "^1.0.11"
      }
    },
    "onoff": {
      "version": "6.0.1",
      "resolved": "https://registry.npmjs.org/onoff/-/onoff-6.0.1.tgz",
      "integrity": "sha512-lqnVyUiWLbb4T6sWTaOeCJn682EPyxaTyfJ5bP5LiTa0KMDlVPQR0ngVgzV3SkRkd0JnNxPvwTNj7QVvZTZsAw==",
      "requires": {
        "epoll": "^4.0.0",
        "lodash.debounce": "^4.0.8"
      }
    },
    "sun-time": {
      "version": "1.0.2",
      "resolved": "https://registry.npmjs.org/sun-time/-/sun-time-1.0.2.tgz",
      "integrity": "sha1-9lF2t2QATmAZMzRciDw+VLMbA9Q=",
      "requires": {
        "jfile": "^1.1.11",
        "node-etl": "^1.0.1",
        "x-class": "^1.0.7"
      }
    },
    "x-array": {
      "version": "1.0.15",
      "resolved": "https://registry.npmjs.org/x-array/-/x-array-1.0.15.tgz",
      "integrity": "sha1-JrZUks6s1XqY7668ZIkk4YGcAQg="
    },
    "x-class": {
      "version": "1.0.21",
      "resolved": "https://registry.npmjs.org/x-class/-/x-class-1.0.21.tgz",
      "integrity": "sha1-5/0DZmnv+I+W836NE4nFnlxUzJA=",
      "requires": {
        "x-array": "^1.0.15",
        "x-date": "^1.0.2",
        "x-function": "^1.0.3",
        "x-number": "^1.0.1",
        "x-object": "^1.0.2",
        "x-string": "^1.0.7"
      }
    },
    "x-date": {
      "version": "1.0.2",
      "resolved": "https://registry.npmjs.org/x-date/-/x-date-1.0.2.tgz",
      "integrity": "sha1-y6qB7cKhiMil99PyEaUG6xzWdh8="
    },
    "x-function": {
      "version": "1.0.3",
      "resolved": "https://registry.npmjs.org/x-function/-/x-function-1.0.3.tgz",
      "integrity": "sha1-bgi/P4shau2DS3PowGVT9Xp/HJc="
    },
    "x-number": {
      "version": "1.0.1",
      "resolved": "https://registry.npmjs.org/x-number/-/x-number-1.0.1.tgz",
      "integrity": "sha1-6NkBVEbYwDRYYnrD/z4+wOag48U="
    },
    "x-object": {
      "version": "1.0.10",
      "resolved": "https://registry.npmjs.org/x-object/-/x-object-1.0.10.tgz",
      "integrity": "sha1-k21rT+cnF6zALiLiZ6IuJ8/JtzY="
    },
    "x-string": {
      "version": "1.0.7",
      "resolved": "https://registry.npmjs.org/x-string/-/x-string-1.0.7.tgz",
      "integrity": "sha1-es9e5GlHJuD8MI3jY9cxrr2eE1w="
    }
  }
}
